{
    "version": 3,
    "terraform_version": "0.11.8",
    "serial": 1,
    "lineage": "2ad79e50-9799-8aa3-f771-7403e6103532",
    "modules": [
        {
            "path": [
                "root"
            ],
            "outputs": {
                "ICP Admin Password": {
                    "sensitive": false,
                    "type": "string",
                    "value": "faa04c9aac865bf3d08da96146e6499c"
                },
                "ICP Admin Username": {
                    "sensitive": false,
                    "type": "string",
                    "value": "admin"
                }
            },
            "resources": {
                "data.ibm_compute_ssh_key.public_key.0": {
                    "type": "ibm_compute_ssh_key",
                    "depends_on": [],
                    "primary": {
                        "id": "1240657",
                        "attributes": {
                            "fingerprint": "7a:0e:1c:2a:57:80:4c:41:ef:ec:23:b5:14:e9:1f:01",
                            "id": "1240657",
                            "label": "espenthilesen",
                            "most_recent": "false",
                            "notes": "",
                            "public_key": "ssh-rsa AAAAB3NzaC1yc2EAAAADAQABAAACAQC26SJzzqjsWnCKPTq6WjS08+ciMOYxOwrAd0aM2J0rqKZftQmd0dxft00NMORfpx0jAfGRLMCGVTVoCfrs+FeNY9cqHLqiXjcFgtkKPY4SriP2gCTd3bOJUDx52p8JUxVVw8562z80HbV9UWB5xmNUQgjq8cTxeHCeAVAamdskkHnTBYQZzpQvSyN+MV578zCdzeWdEpEJQmwR6u4IQFdO0z6s/0wJIEhF+HeFMrTU8dmtPOXqeivk3apUbQ+23HHduRieX/UVpatj5KhTlVb9q/S6By37PFP1CYHKe92o5yFcB1Cc+H4vmjyds2fFHYrslQn5748I3zvpye/V1xq516pPL1PAszBF4GWkvRf8wjmYMc+xcXcpsQxLiEvTUxyi6NMJ31tMOG9Mkvm/F815QjWpxZalBuCn+KyPKAqRLXu//0Cg3jKvp4f19CWjf6U6YYTeWzfQ9m117pZysg0VFx+UZxh+ph+WQEpMcur1C6nEsM0yfb0x7BA/BRWdoRjSPipoyWuWr+tRzdV5soJDveHG9eshw+1NDjKM1JabIc/iuShrVY/MCJBjNEZie2+tXvNWvo6fMuVkJz2S8h+bR88V7Eh899N8jjbCvWfQ4QyngZ4/xx4MNZeU08Ipmz2pFLGwYUZ88ao60DwIPxO4JY0W/B5E0iW9BM2FttQ7Zw== espenthilesen@espens-mbp-2.oslo.no.ibm.com"
                        },
                        "meta": {},
                        "tainted": false
                    },
                    "deposed": [],
                    "provider": "provider.ibm"
                },
                "data.ibm_compute_ssh_key.public_key.1": {
                    "type": "ibm_compute_ssh_key",
                    "depends_on": [],
                    "primary": {
                        "id": "1279552",
                        "attributes": {
                            "fingerprint": "5f:63:52:43:b4:d8:5f:d2:bb:6a:a2:a9:ff:8c:56:81",
                            "id": "1279552",
                            "label": "BjornS",
                            "most_recent": "false",
                            "notes": "",
                            "public_key": "ssh-rsa AAAAB3NzaC1yc2EAAAADAQABAAACAQDIfFZwXEjDdS5lmY6uMmO/pO/CSt6tVDDxkjWHG/nHwYbgd00Q7zCnj8MRl6iMahXLrzpAo+kIGTr3OjIuIMCc03yN3kLPkPrdOGgIZgEOgLle+qAe1eCHmTML5eksPlqjtZrGnfdDwPrNOEuG1XHyvUy2yjExmr0BPVeoUfST5JjUWCKut+ZpvDDpvMM8YbcTIOymURrzkFPkj/YDhl1qtcEHi0n+UmyIpWw3vUn4R4etCQZTFupDB5FHNU90nenVNCUminM+ID5dvMcYAQTgd26Sy0AA8x0JUZNwxneM5DM/eA8KUm7NxtDMBDnV/8GtWRyMC1p8ceNqhJkQJlh+8FFtTiRXtGWE5/yvEe+InDEDpXubl+xaLFiUbMXIO7VDpdv6ciQ2zh7aTwiGNJ8mFNtB9jHzqGOdtS5lmkf9rcz4d1nf9TI4uxwiOoS/XEDtUbdn+/KOrZxqB4jTA+4StzYE9mcLlzqlpm0zURZ5ygqrwoNYtFB4VDmp9A2xmt/MRTIjmeeG5BbEuguNAx8/zEjVNN/uUP3cCaaUEIECzVkB3aWAJTUFlz8JQPzz10JFU9MXU1sEWQCvgv/3u+IQ4NS9rfGp5XYCv3cG+y3LWJ+MiV2ggCdcL3Ts2Xj9g5FHL9/pFgAH81FRtWd8QsUCI3E2cDTJzPLwSj4+AMyWMQ== stadheim@Bjorns-MacBook-Pro.local"
                        },
                        "meta": {},
                        "tainted": false
                    },
                    "deposed": [],
                    "provider": "provider.ibm"
                },
                "data.ibm_compute_ssh_key.public_key.2": {
                    "type": "ibm_compute_ssh_key",
                    "depends_on": [],
                    "primary": {
                        "id": "1289933",
                        "attributes": {
                            "fingerprint": "40:92:94:99:6a:4f:9d:d8:64:31:c8:33:11:e8:24:61",
                            "id": "1289933",
                            "label": "eivinda",
                            "most_recent": "false",
                            "notes": "",
                            "public_key": "ssh-rsa AAAAB3NzaC1yc2EAAAADAQABAAACAQCquKkUdsOm645w3xDzitfhTo7MSM/ppi76dAW9oDe/Lq+bFVMjGWmK7A3A5vVtQOp1Rk+maE8B0tx+LkQyH3sl/sfUEBkc0hiHFoP4Ve1kbxE30+ldtJxzy5GtN1qAIK+TVuavqPNu9UIy9ibWsIRlUTA4hQo1W+ppsOB5iD3rqfhPub07ZUX3gHdpiU0kSnudzyPMBxhnCQs6BZlVqMIPvDeRcsOraXJ19Qf8YcZ5rCN0IH37CwEP5MKaCPWk75SYjbWeQZ19J3MHKD/+IWTxqtA064BKVT4Yt7ElLxosLGQA+nvEABLErKKuIwglyd8nSDbSHY2ZlRUjxYCrtHexD9AUs2wNumVDbuVJuaEqozGqiDaYSe7YFqMErif2eahXUcoj17+nV8tw6ARBxL5QPJR/fOrfbSHxQ8ciKLCd5KDWthXQNUH19hZBQP2hlRtO5fKiWhK/E3+dD40BKxGyZXez/0mni31R35NPHcAIRXG9E49cKggrV0rflopRYfR4IHNyCHpdnsCbTtpRKYtpy7N3X5OBj4TJJNwWbIXcjNvbIrPpWPFyueicGOpnA6Hujguo1uMt0fhWKiPz5rKqekKy/k3Rrk6HIJ+jM1X7yKC1M9JQTd7ObOEQutzpV0adzYbFSigBjf+hYzc+T4hvx1d5/DNltAOc5pCWDJQexQ== eivind.amundsen@ibm.com"
                        },
                        "meta": {},
                        "tainted": false
                    },
                    "deposed": [],
                    "provider": "provider.ibm"
                },
                "ibm_compute_vm_instance.icp-mgmt": {
                    "type": "ibm_compute_vm_instance",
                    "depends_on": [
                        "data.ibm_compute_ssh_key.public_key.*",
                        "ibm_security_group.cluster_private",
                        "ibm_security_group.cluster_public.*",
                        "local.private_vlan_id",
                        "local.public_vlan_id",
                        "random_id.clusterid",
                        "tls_private_key.installkey"
                    ],
                    "primary": {
                        "id": "65939445",
                        "attributes": {
                            "block_storage_ids.#": "0",
                            "cores": "4",
                            "datacenter": "osl01",
                            "dedicated_acct_host_only": "false",
                            "disks.#": "2",
                            "disks.0": "100",
                            "disks.1": "100",
                            "domain": "icptest.icp",
                            "file_storage_ids.#": "0",
                            "hostname": "icptest-mgmt01-b32a328d",
                            "hourly_billing": "true",
                            "id": "65939445",
                            "ip_address_id": "119993753",
                            "ip_address_id_private": "119993897",
                            "ipv4_address": "169.51.70.105",
                            "ipv4_address_private": "10.180.17.121",
                            "ipv6_enabled": "false",
                            "ipv6_static_enabled": "false",
                            "local_disk": "false",
                            "memory": "16384",
                            "network_speed": "1000",
                            "notes": "Management node for ICP deployment",
                            "os_reference_code": "UBUNTU_16_64",
                            "private_interface_id": "38288615",
                            "private_network_only": "false",
                            "private_security_group_ids.#": "1",
                            "private_security_group_ids.1083229": "1083229",
                            "private_subnet": "10.180.17.64/26",
                            "private_subnet_id": "1307957",
                            "private_vlan_id": "2446099",
                            "public_bandwidth_unlimited": "false",
                            "public_interface_id": "38288613",
                            "public_security_group_ids.#": "1",
                            "public_security_group_ids.1082911": "1082911",
                            "public_subnet": "169.51.70.96/28",
                            "public_subnet_id": "1464811",
                            "public_vlan_id": "2446097",
                            "secondary_ip_addresses.#": "0",
                            "ssh_key_ids.#": "3",
                            "ssh_key_ids.1240657": "1240657",
                            "ssh_key_ids.1279552": "1279552",
                            "ssh_key_ids.1289933": "1289933",
                            "tags.#": "3",
                            "tags.231467619": "icptest",
                            "tags.3247374627": "icp-management",
                            "tags.464928816": "b32a328d",
                            "user_metadata": "#cloud-config\npackages:\n  - unzip\n  - python\nusers:\n  - default\n  - name: icpdeploy\n    groups: [ wheel ]\n    sudo: [ \"ALL=(ALL) NOPASSWD:ALL\" ]\n    shell: /bin/bash\n    ssh-authorized-keys:\n      - ssh-rsa AAAAB3NzaC1yc2EAAAADAQABAAABAQDKqhjT1k6XKuVz2sBy3F1XsZFsira9NRdXfIqHDvahHEQniNIbYJ/vWlVMnAuTAlzC7Xl4DGNblCFZIZNfDfFJ6RsIrxXc+d69bBT7g216YVJvYJwUG0b8Yckqk4IKKkqUFvIu2wLADz3cajtbpeyk3NGB+DatnksRmyqcAfujam7hXXtzpKMTl4rhiLeAtAT7Iuczf7u5+1R2wab7cU+AJGvaI1YybN1S2E1usjoNY7CQ8bhG3av+vSE4cujUwSAo5Ka33NE8tkueOkETOBFtc1AkDL+FR8UYtG6CFpQlW3SK7aQLAEdBpTqZcsG0SfF3lNrwo8c4o6IaKgSzbjmF\n\nwrite_files:\n  - path: /opt/ibm/scripts/bootstrap.sh\n    permissions: '0755'\n    encoding: b64\n    content: IyEvYmluL2Jhc2gKCnVidW50dV9pbnN0YWxsKCl7CiAgIyBhdHRlbXB0IHRvIHJldHJ5IGFwdC1nZXQgdXBkYXRlIHVudGlsIGNsb3VkLWluaXQgZ2l2ZXMgdXAgdGhlIGFwdCBsb2NrCiAgdW50aWwgYXB0LWdldCB1cGRhdGU7IGRvCiAgICBzbGVlcCAyCiAgZG9uZQoKICB1bnRpbCBhcHQtZ2V0IGluc3RhbGwgLXkgXAogICAgdW56aXAgXAogICAgcHl0aG9uIFwKICAgIHB5dGhvbi15YW1sIFwKICAgIHRoaW4tcHJvdmlzaW9uaW5nLXRvb2xzIFwKICAgIG5mcy1jbGllbnQgXAogICAgbHZtMjsgZG8KICAgIHNsZWVwIDIKICBkb25lCn0KCmNybGludXhfaW5zdGFsbCgpIHsKICB5dW0gaW5zdGFsbCAteSBcCiAgICB1bnppcCBcCiAgICBQeVlBTUwgXAogICAgZGV2aWNlLW1hcHBlciBcCiAgICBsaWJzZWNjb21wIFwKICAgIGxpYnRvb2wtbHRkbCBcCiAgICBsaWJjZ3JvdXAgXAogICAgaXB0YWJsZXMgXAogICAgZGV2aWNlLW1hcHBlci1wZXJzaXN0ZW50LWRhdGEgXAogICAgbmZzLXV0aWwgXAogICAgbHZtMgp9Cgpkb2NrZXJfaW5zdGFsbCgpIHsKICBpZiBkb2NrZXIgLS12ZXJzaW9uOyB0aGVuCiAgICBlY2hvICJEb2NrZXIgYWxyZWFkeSBpbnN0YWxsZWQuIEV4aXRpbmciCiAgICByZXR1cm4gMAogIGZpCgogIGlmIFsgLXogIiR7cGFja2FnZV9sb2NhdGlvbn0iIC1hICIke09TTEVWRUx9IiA9PSAidWJ1bnR1IiBdOyB0aGVuCiAgICAjIGlmIHdlJ3JlIG9uIHVidW50dSwgd2UgY2FuIGluc3RhbGwgZG9ja2VyLWNlIG9mZiBvZiB0aGUgcmVwbwogICAgYXB0LWdldCBpbnN0YWxsIC15IFwKICAgICAgYXB0LXRyYW5zcG9ydC1odHRwcyBcCiAgICAgIGNhLWNlcnRpZmljYXRlcyBcCiAgICAgIGN1cmwgXAogICAgICBzb2Z0d2FyZS1wcm9wZXJ0aWVzLWNvbW1vbgoKICAgIGN1cmwgLWZzU0wgaHR0cHM6Ly9kb3dubG9hZC5kb2NrZXIuY29tL2xpbnV4L3VidW50dS9ncGcgfCBhcHQta2V5IGFkZCAtCgogICAgYWRkLWFwdC1yZXBvc2l0b3J5IFwKICAgICAgImRlYiBbYXJjaD1hbWQ2NF0gaHR0cHM6Ly9kb3dubG9hZC5kb2NrZXIuY29tL2xpbnV4L3VidW50dSBcCiAgICAgICQobHNiX3JlbGVhc2UgLWNzKSBcCiAgICAgIHN0YWJsZSIKCiAgICBhcHQtZ2V0IHVwZGF0ZSAmJiBhcHQtZ2V0IGluc3RhbGwgLXkgZG9ja2VyLWNlCiAgZWxpZiBbICEgLXogIiR7cGFja2FnZV9sb2NhdGlvbn0iIF07IHRoZW4KICAgIHdoaWxlIFsgISAtZiAiJHtwYWNrYWdlX2xvY2F0aW9ufSIgXTsgZG8KICAgICAgZWNobyAiV2FpdGluZyBmb3IgZG9ja2VyIHBhY2thZ2UgYXQgJHtwYWNrYWdlX2xvY2F0aW9ufSAuLi4gIgogICAgICBzbGVlcCAxCiAgICBkb25lCgogICAgZWNobyAiSW5zdGFsbCBkb2NrZXIgZnJvbSAke3BhY2thZ2VfbG9jYXRpb259IgogICAgY2htb2QgdSt4ICIke3BhY2thZ2VfbG9jYXRpb259IgoKICAgICMgbG9vcCBoZXJlIHVudGlsIGZpbGUgcHJvdmlzaW9uZXIgaXMgZG9uZSBjb3B5aW5nIHRoZSBwYWNrYWdlCiAgICB1bnRpbCAke3BhY2thZ2VfbG9jYXRpb259IC0taW5zdGFsbDsgZG8KICAgICAgc2xlZXAgMgogICAgZG9uZQogIGVsc2UKICAgIHJldHVybiAwCiAgZmkKCiAgcGFydHByb2JlCiAgbHNibGsKICBzeXN0ZW1jdGwgZW5hYmxlIGRvY2tlcgogIHN0b3JhZ2VfZHJpdmVyPWBkb2NrZXIgaW5mbyB8IGdyZXAgJ1N0b3JhZ2UgRHJpdmVyOicgfCBjdXQgLWQ6IC1mMiB8IHNlZCAtZSAncy9ccy8vZydgCiAgZWNobyAic3RvcmFnZSBkcml2ZXIgaXMgJHtzdG9yYWdlX2RyaXZlcn0iCiAgaWYgWyAiJHtzdG9yYWdlX2RyaXZlcn0iID09ICJkZXZpY2VtYXBwZXIiIF07IHRoZW4KICAgICMgY2hlY2sgaWYgbG9vcCBsdm0gbW9kZSBpcyBlbmFibGVkCiAgICBpZiBbIC16IGBkb2NrZXIgaW5mbyB8IGdyZXAgJ2xvb3AgZmlsZSdgIF07IHRoZW4KICAgICAgZWNobyAiRGlyZWN0LWx2bSBtb2RlIGlzIGNvbmZpZ3VyZWQuIgogICAgICByZXR1cm4gMAogICAgZmkKCiAgICAjIFRPRE8gaWYgZG9ja2VyIGJsb2NrIGRldmljZSBpcyBub3QgcHJvdmlkZWQsIG1ha2Ugc3VyZSB3ZSB1c2Ugb3ZlcmxheTIgc3RvcmFnZSBkcml2ZXIKICAgIGlmIFsgLXogIiR7ZG9ja2VyX2Rpc2t9IiBdOyB0aGVuCiAgICAgIGVjaG8gImRvY2tlciBsb29wLWx2bSBtb2RlIGlzIGNvbmZpZ3VyZWQgYW5kIGEgZG9ja2VyIGJsb2NrIGRldmljZSB3YXMgbm90IHNwZWNpZmllZCEgIFRoaXMgaXMgbm90IHJlY29tbWVuZGVkIGZvciBwcm9kdWN0aW9uISIKICAgICAgcmV0dXJuIDAKICAgIGZpCgogICAgZWNobyAiQSBkb2NrZXIgZGlzayAke2RvY2tlcl9kaXNrfSBpcyBwcm92aWRlZCwgc2V0dGluZyB1cCBkaXJlY3QtbHZtIG1vZGUgLi4uIgoKICAgICMgZG9ja2VyIGluc3RhbGxlciB1c2VzIGRldmljZW1hcHBlciBhbHJlYWR5CiAgICBjYXQgPiAvZXRjL2RvY2tlci9kYWVtb24uanNvbiA8PEVPRgp7CiAgInN0b3JhZ2Utb3B0cyI6IFsKICAgICJkbS5kaXJlY3Rsdm1fZGV2aWNlPSR7ZG9ja2VyX2Rpc2t9IgogIF0KfQpFT0YKICBlbGlmIFsgISAteiAiJHtkb2NrZXJfZGlza30iIF07IHRoZW4KICAgIGVjaG8gIlNldHRpbmcgdXAgJHtkb2NrZXJfZGlza30gYW5kIG1vdW50aW5nIGF0IC92YXIvbGliL2RvY2tlciAuLi4iCgogICAgc3VkbyBta2RpciAtcCAvdmFyL2xpYi9kb2NrZXIKICAgIHN1ZG8gcGFydGVkIC1zIC1hIG9wdGltYWwgJHtkb2NrZXJfZGlza30gbWtsYWJlbCBncHQgLS0gbWtwYXJ0IHByaW1hcnkgZXh0NCAxIC0xCgogICAgc3VkbyBwYXJ0cHJvYmUKCiAgICBzdWRvIG1rZnMuZXh0NCAke2RvY2tlcl9kaXNrfTEKICAgIGVjaG8gIiR7ZG9ja2VyX2Rpc2t9MSAgL3Zhci9saWIvZG9ja2VyICAgZXh0NCAgZGVmYXVsdHMgICAwIDAiIHwgc3VkbyB0ZWUgLWEgL2V0Yy9mc3RhYgoKICAgIHN1ZG8gbW91bnQgLWEKICBmaQoKICBzeXN0ZW1jdGwgcmVzdGFydCBkb2NrZXIKCiAgIyBkb2NrZXIgdGFrZXMgYSB3aGlsZSB0byBzdGFydCBiZWNhdXNlIGl0IG5lZWRzIHRvIHByZXBhcmUgdGhlCiAgIyBkaXJlY3QtbHZtIGRldmljZSAuLi4gbG9vcCBoZXJlIHVudGlsIGl0J3MgcnVubmluZwogIF9jb3VudD0wCiAgc3lzdGVtY3RsIGlzLWFjdGl2ZSBkb2NrZXIgfCB3aGlsZSByZWFkIGxpbmU7IGRvCiAgICBpZiBbICR7bGluZX0gPT0gImFjdGl2ZSIgXTsgdGhlbgogICAgICBicmVhawogICAgZmkKCiAgICBlY2hvICJEb2NrZXIgaXMgbm90IGFjdGl2ZSB5ZXQ7IHdhaXRpbmcgMyBzZWNvbmRzIgogICAgc2xlZXAgMwogICAgX2NvdW50PSQoKF9jb3VudCsxKSkKCiAgICBpZiBbICR7X2NvdW50fSAtZ3QgMTAgXTsgdGhlbgogICAgICBlY2hvICJEb2NrZXIgbm90IGFjdGl2ZSBhZnRlciAzMCBzZWNvbmRzIgogICAgICByZXR1cm4gMQogICAgZmkKICBkb25lCgogIGVjaG8gIkRvY2tlciBpcyBpbnN0YWxsZWQuIgogIGRvY2tlciBpbmZvCgogIGdwYXNzd2QgLWEgJHtkb2NrZXJfdXNlcn0gZG9ja2VyCn0KCiMjIyMjIE1BSU4gIyMjIyMKd2hpbGUgZ2V0b3B0cyAiOnA6ZDppOnM6dToiIGFyZzsgZG8KICAgIGNhc2UgIiR7YXJnfSIgaW4KICAgICAgcCkKICAgICAgICBwYWNrYWdlX2xvY2F0aW9uPSR7T1BUQVJHfQogICAgICAgIDs7CiAgICAgIGQpCiAgICAgICAgZG9ja2VyX2Rpc2s9JHtPUFRBUkd9CiAgICAgICAgOzsKICAgICAgdSkKICAgICAgICBkb2NrZXJfdXNlcj0ke09QVEFSR30KICAgICAgICA7OwogICAgZXNhYwpkb25lCgojRmluZCBMaW51eCBEaXN0cm8KT1NMRVZFTD1vdGhlcgppZiBncmVwIC1xIC1pIHVidW50dSAvZXRjLypyZWxlYXNlOyB0aGVuCiAgICBPU0xFVkVMPXVidW50dQpmaQplY2hvICJPcGVyYXRpbmcgU3lzdGVtIGlzICRPU0xFVkVMIgoKIyBwcmUtcmVxcwppZiBbICIkT1NMRVZFTCIgPT0gInVidW50dSIgXTsgdGhlbgogIHVidW50dV9pbnN0YWxsCmVsc2UKICBjcmxpbnV4X2luc3RhbGwKZmkKCmRvY2tlcl9pbnN0YWxsCgplY2hvICJDb21wbGV0ZS4uIgo=\nruncmd:\n  - /opt/ibm/scripts/bootstrap.sh -u icpdeploy -d /dev/xvdc\n",
                            "wait_time_minutes": "90"
                        },
                        "meta": {},
                        "tainted": false
                    },
                    "deposed": [],
                    "provider": "provider.ibm"
                },
                "ibm_security_group.boot_node_public": {
                    "type": "ibm_security_group",
                    "depends_on": [
                        "random_id.clusterid"
                    ],
                    "primary": {
                        "id": "1083319",
                        "attributes": {
                            "description": "allow incoming ssh",
                            "id": "1083319",
                            "name": "icptest-boot-b32a328d"
                        },
                        "meta": {},
                        "tainted": false
                    },
                    "deposed": [],
                    "provider": "provider.ibm"
                },
                "ibm_security_group.cluster_private": {
                    "type": "ibm_security_group",
                    "depends_on": [
                        "random_id.clusterid"
                    ],
                    "primary": {
                        "id": "1083229",
                        "attributes": {
                            "description": "allow intercluster communication",
                            "id": "1083229",
                            "name": "icptest-cluster-priv-b32a328d"
                        },
                        "meta": {},
                        "tainted": false
                    },
                    "deposed": [],
                    "provider": "provider.ibm"
                },
                "ibm_security_group.cluster_public": {
                    "type": "ibm_security_group",
                    "depends_on": [
                        "random_id.clusterid"
                    ],
                    "primary": {
                        "id": "1082911",
                        "attributes": {
                            "description": "allow intercluster communication",
                            "id": "1082911",
                            "name": "icptest-cluster-pub-b32a328d"
                        },
                        "meta": {},
                        "tainted": false
                    },
                    "deposed": [],
                    "provider": "provider.ibm"
                },
                "ibm_security_group.master_group": {
                    "type": "ibm_security_group",
                    "depends_on": [
                        "random_id.clusterid"
                    ],
                    "primary": {
                        "id": "1082907",
                        "attributes": {
                            "description": "allow incoming to master",
                            "id": "1082907",
                            "name": "icptest-master-b32a328d"
                        },
                        "meta": {},
                        "tainted": false
                    },
                    "deposed": [],
                    "provider": "provider.ibm"
                },
                "ibm_security_group.proxy_group": {
                    "type": "ibm_security_group",
                    "depends_on": [
                        "random_id.clusterid"
                    ],
                    "primary": {
                        "id": "1082909",
                        "attributes": {
                            "description": "allow incoming to proxy",
                            "id": "1082909",
                            "name": "icptest-proxy-b32a328d"
                        },
                        "meta": {},
                        "tainted": false
                    },
                    "deposed": [],
                    "provider": "provider.ibm"
                },
                "ibm_security_group_rule.allow_cluster_egress_private": {
                    "type": "ibm_security_group_rule",
                    "depends_on": [
                        "ibm_security_group.cluster_private"
                    ],
                    "primary": {
                        "id": "2146183",
                        "attributes": {
                            "direction": "egress",
                            "ether_type": "IPv4",
                            "id": "2146183",
                            "security_group_id": "1083229"
                        },
                        "meta": {},
                        "tainted": false
                    },
                    "deposed": [],
                    "provider": "provider.ibm"
                },
                "ibm_security_group_rule.allow_cluster_public": {
                    "type": "ibm_security_group_rule",
                    "depends_on": [
                        "ibm_security_group.cluster_public"
                    ],
                    "primary": {
                        "id": "2146099",
                        "attributes": {
                            "direction": "egress",
                            "ether_type": "IPv4",
                            "id": "2146099",
                            "security_group_id": "1082911"
                        },
                        "meta": {},
                        "tainted": false
                    },
                    "deposed": [],
                    "provider": "provider.ibm"
                },
                "ibm_security_group_rule.allow_ingress_from_self_priv": {
                    "type": "ibm_security_group_rule",
                    "depends_on": [
                        "ibm_security_group.cluster_private"
                    ],
                    "primary": {
                        "id": "2146185",
                        "attributes": {
                            "direction": "ingress",
                            "ether_type": "IPv4",
                            "id": "2146185",
                            "remote_group_id": "1083229",
                            "security_group_id": "1083229"
                        },
                        "meta": {},
                        "tainted": false
                    },
                    "deposed": [],
                    "provider": "provider.ibm"
                },
                "ibm_security_group_rule.allow_ingress_from_self_pub": {
                    "type": "ibm_security_group_rule",
                    "depends_on": [
                        "ibm_security_group.cluster_public"
                    ],
                    "primary": {
                        "id": "2146101",
                        "attributes": {
                            "direction": "ingress",
                            "ether_type": "IPv4",
                            "id": "2146101",
                            "remote_group_id": "1082911",
                            "security_group_id": "1082911"
                        },
                        "meta": {},
                        "tainted": false
                    },
                    "deposed": [],
                    "provider": "provider.ibm"
                },
                "ibm_security_group_rule.allow_port_443": {
                    "type": "ibm_security_group_rule",
                    "depends_on": [
                        "ibm_security_group.proxy_group"
                    ],
                    "primary": {
                        "id": "2146189",
                        "attributes": {
                            "direction": "ingress",
                            "ether_type": "IPv4",
                            "id": "2146189",
                            "port_range_max": "443",
                            "port_range_min": "443",
                            "protocol": "tcp",
                            "remote_ip": "0.0.0.0/0",
                            "security_group_id": "1082909"
                        },
                        "meta": {},
                        "tainted": false
                    },
                    "deposed": [],
                    "provider": "provider.ibm"
                },
                "ibm_security_group_rule.allow_port_80": {
                    "type": "ibm_security_group_rule",
                    "depends_on": [
                        "ibm_security_group.proxy_group"
                    ],
                    "primary": {
                        "id": "2146187",
                        "attributes": {
                            "direction": "ingress",
                            "ether_type": "IPv4",
                            "id": "2146187",
                            "port_range_max": "80",
                            "port_range_min": "80",
                            "protocol": "tcp",
                            "remote_ip": "0.0.0.0/0",
                            "security_group_id": "1082909"
                        },
                        "meta": {},
                        "tainted": false
                    },
                    "deposed": [],
                    "provider": "provider.ibm"
                },
                "ibm_security_group_rule.allow_port_8001": {
                    "type": "ibm_security_group_rule",
                    "depends_on": [
                        "ibm_security_group.master_group"
                    ],
                    "primary": {
                        "id": "2146181",
                        "attributes": {
                            "direction": "ingress",
                            "ether_type": "IPv4",
                            "id": "2146181",
                            "port_range_max": "8001",
                            "port_range_min": "8001",
                            "protocol": "tcp",
                            "remote_ip": "0.0.0.0/0",
                            "security_group_id": "1082907"
                        },
                        "meta": {},
                        "tainted": false
                    },
                    "deposed": [],
                    "provider": "provider.ibm"
                },
                "ibm_security_group_rule.allow_port_8443": {
                    "type": "ibm_security_group_rule",
                    "depends_on": [
                        "ibm_security_group.master_group"
                    ],
                    "primary": {
                        "id": "2146179",
                        "attributes": {
                            "direction": "ingress",
                            "ether_type": "IPv4",
                            "id": "2146179",
                            "port_range_max": "8443",
                            "port_range_min": "8443",
                            "protocol": "tcp",
                            "remote_ip": "0.0.0.0/0",
                            "security_group_id": "1082907"
                        },
                        "meta": {},
                        "tainted": false
                    },
                    "deposed": [],
                    "provider": "provider.ibm"
                },
                "ibm_security_group_rule.allow_port_8500": {
                    "type": "ibm_security_group_rule",
                    "depends_on": [
                        "ibm_security_group.master_group"
                    ],
                    "primary": {
                        "id": "2145897",
                        "attributes": {
                            "direction": "ingress",
                            "ether_type": "IPv4",
                            "id": "2145897",
                            "port_range_max": "8500",
                            "port_range_min": "8500",
                            "protocol": "tcp",
                            "remote_ip": "0.0.0.0/0",
                            "security_group_id": "1082907"
                        },
                        "meta": {},
                        "tainted": false
                    },
                    "deposed": [],
                    "provider": "provider.ibm"
                },
                "ibm_security_group_rule.allow_port_8600": {
                    "type": "ibm_security_group_rule",
                    "depends_on": [
                        "ibm_security_group.master_group"
                    ],
                    "primary": {
                        "id": "2146097",
                        "attributes": {
                            "direction": "ingress",
                            "ether_type": "IPv4",
                            "id": "2146097",
                            "port_range_max": "8600",
                            "port_range_min": "8600",
                            "protocol": "tcp",
                            "remote_ip": "0.0.0.0/0",
                            "security_group_id": "1082907"
                        },
                        "meta": {},
                        "tainted": false
                    },
                    "deposed": [],
                    "provider": "provider.ibm"
                },
                "ibm_security_group_rule.allow_port_9443": {
                    "type": "ibm_security_group_rule",
                    "depends_on": [
                        "ibm_security_group.master_group"
                    ],
                    "primary": {
                        "id": "2146177",
                        "attributes": {
                            "direction": "ingress",
                            "ether_type": "IPv4",
                            "id": "2146177",
                            "port_range_max": "9443",
                            "port_range_min": "9443",
                            "protocol": "tcp",
                            "remote_ip": "0.0.0.0/0",
                            "security_group_id": "1082907"
                        },
                        "meta": {},
                        "tainted": false
                    },
                    "deposed": [],
                    "provider": "provider.ibm"
                },
                "ibm_security_group_rule.allow_proxy_tcp_nodeport": {
                    "type": "ibm_security_group_rule",
                    "depends_on": [
                        "ibm_security_group.proxy_group"
                    ],
                    "primary": {
                        "id": "2145999",
                        "attributes": {
                            "direction": "ingress",
                            "ether_type": "IPv4",
                            "id": "2145999",
                            "port_range_max": "32767",
                            "port_range_min": "30000",
                            "protocol": "tcp",
                            "remote_ip": "0.0.0.0/0",
                            "security_group_id": "1082909"
                        },
                        "meta": {},
                        "tainted": false
                    },
                    "deposed": [],
                    "provider": "provider.ibm"
                },
                "ibm_security_group_rule.allow_proxy_upd_nodeport": {
                    "type": "ibm_security_group_rule",
                    "depends_on": [
                        "ibm_security_group.proxy_group"
                    ],
                    "primary": {
                        "id": "2146191",
                        "attributes": {
                            "direction": "ingress",
                            "ether_type": "IPv4",
                            "id": "2146191",
                            "port_range_max": "32767",
                            "port_range_min": "30000",
                            "protocol": "udp",
                            "remote_ip": "0.0.0.0/0",
                            "security_group_id": "1082909"
                        },
                        "meta": {},
                        "tainted": false
                    },
                    "deposed": [],
                    "provider": "provider.ibm"
                },
                "ibm_security_group_rule.allow_ssh": {
                    "type": "ibm_security_group_rule",
                    "depends_on": [
                        "ibm_security_group.cluster_public"
                    ],
                    "primary": {
                        "id": "2145997",
                        "attributes": {
                            "direction": "ingress",
                            "ether_type": "IPv4",
                            "id": "2145997",
                            "port_range_max": "22",
                            "port_range_min": "22",
                            "protocol": "tcp",
                            "remote_ip": "0.0.0.0/0",
                            "security_group_id": "1082911"
                        },
                        "meta": {},
                        "tainted": false
                    },
                    "deposed": [],
                    "provider": "provider.ibm"
                },
                "ibm_security_group_rule.master_node_allow_outbound_public": {
                    "type": "ibm_security_group_rule",
                    "depends_on": [
                        "ibm_security_group.master_group"
                    ],
                    "primary": {
                        "id": "2145899",
                        "attributes": {
                            "direction": "egress",
                            "ether_type": "IPv4",
                            "id": "2145899",
                            "security_group_id": "1082907"
                        },
                        "meta": {},
                        "tainted": false
                    },
                    "deposed": [],
                    "provider": "provider.ibm"
                },
                "random_id.adminpassword": {
                    "type": "random_id",
                    "depends_on": [],
                    "primary": {
                        "id": "-qBMmqyGW_PQjalhRuZJnA",
                        "attributes": {
                            "b64": "-qBMmqyGW_PQjalhRuZJnA",
                            "b64_std": "+qBMmqyGW/PQjalhRuZJnA==",
                            "b64_url": "-qBMmqyGW_PQjalhRuZJnA",
                            "byte_length": "16",
                            "dec": "333139320161255297352213170825707538844",
                            "hex": "faa04c9aac865bf3d08da96146e6499c",
                            "id": "-qBMmqyGW_PQjalhRuZJnA"
                        },
                        "meta": {},
                        "tainted": false
                    },
                    "deposed": [],
                    "provider": "provider.random"
                },
                "random_id.clusterid": {
                    "type": "random_id",
                    "depends_on": [],
                    "primary": {
                        "id": "syoyjQ",
                        "attributes": {
                            "b64": "syoyjQ",
                            "b64_std": "syoyjQ==",
                            "b64_url": "syoyjQ",
                            "byte_length": "4",
                            "dec": "3005887117",
                            "hex": "b32a328d",
                            "id": "syoyjQ"
                        },
                        "meta": {},
                        "tainted": false
                    },
                    "deposed": [],
                    "provider": "provider.random"
                },
                "tls_private_key.installkey": {
                    "type": "tls_private_key",
                    "depends_on": [],
                    "primary": {
                        "id": "1fe7d392b0648c76875023fe10b2a7e7cde656f2",
                        "attributes": {
                            "algorithm": "RSA",
                            "ecdsa_curve": "P224",
                            "id": "1fe7d392b0648c76875023fe10b2a7e7cde656f2",
                            "private_key_pem": "-----BEGIN RSA PRIVATE KEY-----\nMIIEowIBAAKCAQEAyqoY09ZOlyrlc9rActxdV7GRbIq2vTUXV3yKhw72oRxEJ4jS\nG2Cf71pVTJwLkwJcwu15eAxjW5QhWSGTXw3xSekbCK8V3PnevWwU+4NtemFSb2Cc\nFBtG/GHJKpOCCipKlBbyLtsCwA893Go7W6XspNzRgfg2rZ5LEZsqnAH7o2pu4V17\nc6SjE5eK4Yi3gLQE+yLnM3+7uftUdsGm+3FPgCRr2iNWMmzdUthNbrI6DWOwkPG4\nRt2r/r0hOHLo1MEgKOSmt9zRPLZLnjpBEzgRbXNQJAy/hUfFGLRughaUJVt0iu2k\nCwBHQaU6mXLBtEnxd5Ta8KPHOKOiGioEs245hQIDAQABAoIBAQCgwoDjOPIqc3qD\nhhh2hFr+vvoOUZJXUA/t8/qm27XDYvqlKaEQ2nrDkLJtDLMZsBwI+/sIwTrnX/98\nBmgyVIr8CA7LuqbrHMIVG/Eg+cYT97M+ajIkuOZ8OM0sGspiad2yzujZRh1OYEi/\n2Pyw3FN1CzydjllBK3l8w8ru6ZvEqbUQ6iZrq1HANZ2x+HEDf6iT8lg/4YTsa/6F\novTSzD95XVBvar+iTBXjKawP4HoklDw793tYQxzjzSkHKnCIwLCfcHnk4XnRtxS3\nUWawkLMWlgLEnvxCNoOX03DtqJTgE6UGCXNEk5xacpoMd1nMd3bM9eF/biIPc5PE\n/d+J2nrBAoGBANp2k9H9R57+T+TLWD1Ly3l0pXv39jbk4Ulatt8KP2cSlhxdVsqw\noWoQsFDyQjZ/Ie9lvvV9AMM3qvtP3XOopt0Q2YkbjrsYe72RaHeJiwU6UjVaqdXc\nCDJB1KyRx8x+R3z1z+V6K3z4ak+ODh886Jz+GaToRYWbcdQY0FYQknU9AoGBAO18\nlqD0MWYAlK/FJJM+HRuTb8HzP4LQT4mW97YjAUNpwp5VW8pn+33mGgE5v6a3NNGv\nJ2sgJWQM9TBCDZC7s7WlDZ7cDzfWmJRNVqND+Bjl+mv1GLoqDps1i6eoG8o9WTfv\np2eSNKnpqZi5EeS9ZiPKMFuefs8iMdGCNr7v8enpAoGAMPYiaw2434lfnod0X0h9\ncdsSu5X3OJZTZ31NPu+tBgzEV9cTfJnZk0vqODoTXONhV6YWBi7d3OK9D1X269UA\nkMsV9gSXGJeEJBhSsXfCEInhotOO/L8zlw/p+kMx5ELpAriUv3mCBaAnM21C/P1J\npOXOGYd1DVypRj/JcYCFUoECgYAoHjbX48iAgbKcasI9+W0zXlmvuubMs2HsTUt1\nQj6RY8lTs/m4nI44e2mDMX01rZdHoL4Y86o9V48H4vCltX+rPMGrR2NuvFq0Gsh6\n9h1wH1GJcTMHJ9ml0IrR/K0NIgXzVBHEhkdNOMLEoObr7C7X9uzqXUDwvscJrGSR\nJrmIGQKBgGP+eKzumoensWvhy/3EHiMulrwnhx9B86Hub/MRP5OQnYnaxl0MMs0c\ne9dHqkfQefr3b41s27RK0MZ5lLolsYpk16DZnrKjVCiwwxjkaMIAC1YHRdaPRoZ9\nXDojmOFIr6Jgi0eo4VKwJ6XYup65tNx0CTevSPGCcpXFdA74/Psk\n-----END RSA PRIVATE KEY-----\n",
                            "public_key_fingerprint_md5": "35:89:5e:ae:fe:31:71:90:86:67:f1:24:7f:57:78:65",
                            "public_key_openssh": "ssh-rsa AAAAB3NzaC1yc2EAAAADAQABAAABAQDKqhjT1k6XKuVz2sBy3F1XsZFsira9NRdXfIqHDvahHEQniNIbYJ/vWlVMnAuTAlzC7Xl4DGNblCFZIZNfDfFJ6RsIrxXc+d69bBT7g216YVJvYJwUG0b8Yckqk4IKKkqUFvIu2wLADz3cajtbpeyk3NGB+DatnksRmyqcAfujam7hXXtzpKMTl4rhiLeAtAT7Iuczf7u5+1R2wab7cU+AJGvaI1YybN1S2E1usjoNY7CQ8bhG3av+vSE4cujUwSAo5Ka33NE8tkueOkETOBFtc1AkDL+FR8UYtG6CFpQlW3SK7aQLAEdBpTqZcsG0SfF3lNrwo8c4o6IaKgSzbjmF\n",
                            "public_key_pem": "-----BEGIN PUBLIC KEY-----\nMIIBIjANBgkqhkiG9w0BAQEFAAOCAQ8AMIIBCgKCAQEAyqoY09ZOlyrlc9rActxd\nV7GRbIq2vTUXV3yKhw72oRxEJ4jSG2Cf71pVTJwLkwJcwu15eAxjW5QhWSGTXw3x\nSekbCK8V3PnevWwU+4NtemFSb2CcFBtG/GHJKpOCCipKlBbyLtsCwA893Go7W6Xs\npNzRgfg2rZ5LEZsqnAH7o2pu4V17c6SjE5eK4Yi3gLQE+yLnM3+7uftUdsGm+3FP\ngCRr2iNWMmzdUthNbrI6DWOwkPG4Rt2r/r0hOHLo1MEgKOSmt9zRPLZLnjpBEzgR\nbXNQJAy/hUfFGLRughaUJVt0iu2kCwBHQaU6mXLBtEnxd5Ta8KPHOKOiGioEs245\nhQIDAQAB\n-----END PUBLIC KEY-----\n",
                            "rsa_bits": "2048"
                        },
                        "meta": {},
                        "tainted": false
                    },
                    "deposed": [],
                    "provider": "provider.tls"
                }
            },
            "depends_on": []
        },
        {
            "path": [
                "root",
                "icpprovision"
            ],
            "outputs": {
                "icp_private_key": {
                    "sensitive": false,
                    "type": "string",
                    "value": "-----BEGIN RSA PRIVATE KEY-----\nMIIEpQIBAAKCAQEAoJzhW//TU5gzM36Zva2d8QOcyi2ETga4Cb2W+hgl/ECRqi3a\n4sI6C6mUjo5ogVhTRdf1DmRQLMtsODrVVH5KlgAXmERMwcvDFr4K8sLzv4gErEXI\naQ0H7ZMO2KcxO1CkWo2/Hi1fMGPDi/18wmASdDYY5wXzAG4pVmT4jWh+3fCnF3DX\nbpAW+d+wauRBisZ0XgiGiAnkuVk0fHJH2Szw48l5o6xsHUMjgUhQJOT4i+uW/s9i\nhBd2WmexJYdOENm92pqchrMdrySrZ8OPkX6yOhoy9xldugQyzjjnJhbthNIvg3Qh\nJwP/PugIOhn0qPklyh6nDKgCCqpY/bcnFhWYRwIDAQABAoIBAQCAdFgtG1Mp9X1l\nvug48qVyQEBi1rqNKQSCDda1GSEwOXgG0nvQhiSkdTFyPmVIpZqcLpc4tnQFD4Dz\nC+LYm9UNWO+GAYIeMNhL1RyugcsusRuDqKAbnKdtlAL4tedDGEEKh3mGKiWKbw/T\nY54nW20G8slB49kwy+pVxZWgiyWEXJL4M5tNmdlw/KUz9n9Arrjg1cvTDhmZ2DX6\nC6p1MWQwMpb4QyiC7LpVoUzD7MdfvrulBMpv0PNOibtKRrsBfKTOclbMclomiU/L\nGJzLwzS5QcFtOuvI5Vo2X9s3X3ndgzA03ORypFzP6R/Xk/XIUnogDnlEiuK8MRC3\n25Bds25JAoGBAMilMN3tdUnku08CGR53pHccq5K9feQy7wMibK0pMl3uQkhA1VcE\nWapT5/RviipX1yeUmiLCzioFYCHWHvAwcBIeObUKi1SgZ4tiEYRYkV67WHnVU9aQ\nQYTuq3ZlHC8hKB5y1kQ9WRMm+b00CgP+bEDB2GcPKRTILnaS/pJITVeTAoGBAMzs\nWXtXmBA4XuVdbL7x6Ug7t/qZsQ3zo4mwZ18lZKyhxZOhZSMzwju1iX18WYi+fqDV\nWSybPMAVN/ZJVi6Mc7OLiq5+VT5fyIIgi9iIivBB/ceTAzlNPiYOvgjKL/+uFAOO\nJHKX1eUr33dVa4jjNGNCXOpctKaIXxfW6sTn8UT9AoGAOAU3QZ9dEgaU7ZhOXx1U\nhBUzKkNR9PbrmNpxsV9BOsydIQNJDYSfbFkE+FB0KSJhZiGtb2somL7rekcIWFON\n1uEth4isIjKu9lGpRmRcIjD4oPuY7t1UDcN9iA7u8ZG2W9oATQk754cIT3VKHpdY\nrjPxMcUf2TeTEXQ1M66QOZUCgYEAkFZ1XJRBDkO2S5X3b7MS3ob5unCgrjQK34O5\n++FpvNKhSK/ofdgKGmZutk1s/w02QfCkQ+//5UfMyBO1uUnCgRdrkiZ3wlxS7Z0h\nA16BhmLk7rqVDbpjaQj/P0+yaUPi4vIup+xcg3PYjcRD3wIxtyxaJ9UuhRIO8Mq3\nSAQbA70CgYEAlcCSr2lzqj6ZEwUYdp063+XdRC2xgrohWeP8L04YqGrgKDMWnDig\niAf7jPVG4iTTvUx+fXxiUqOD6EAIly/2xO3cspiLpGtQqm3IjhCpIA6lCuDRe5KQ\nkcGJ0Nwi0ba1MUoHGEkuXj9EMCSkRmzLsm4ZkJUPhjSj42rCiKpMfr4=\n-----END RSA PRIVATE KEY-----\n"
                },
                "icp_public_key": {
                    "sensitive": false,
                    "type": "string",
                    "value": "ssh-rsa AAAAB3NzaC1yc2EAAAADAQABAAABAQCgnOFb/9NTmDMzfpm9rZ3xA5zKLYROBrgJvZb6GCX8QJGqLdriwjoLqZSOjmiBWFNF1/UOZFAsy2w4OtVUfkqWABeYREzBy8MWvgrywvO/iASsRchpDQftkw7YpzE7UKRajb8eLV8wY8OL/XzCYBJ0NhjnBfMAbilWZPiNaH7d8KcXcNdukBb537Bq5EGKxnReCIaICeS5WTR8ckfZLPDjyXmjrGwdQyOBSFAk5PiL65b+z2KEF3ZaZ7Elh04Q2b3ampyGsx2vJKtnw4+RfrI6GjL3GV26BDLOOOcmFu2E0i+DdCEnA/8+6Ag6GfSo+SXKHqcMqAIKqlj9tycWFZhH\n"
                },
                "icp_version": {
                    "sensitive": false,
                    "type": "string",
                    "value": "ibmcom/icp-inception:3.1.1"
                },
                "install_complete": {
                    "sensitive": false,
                    "type": "string",
                    "value": "true"
                }
            },
            "resources": {
                "tls_private_key.icpkey": {
                    "type": "tls_private_key",
                    "depends_on": [],
                    "primary": {
                        "id": "62362f10dfb4dbc4e7d895e5271e9b30de48923d",
                        "attributes": {
                            "algorithm": "RSA",
                            "ecdsa_curve": "P224",
                            "id": "62362f10dfb4dbc4e7d895e5271e9b30de48923d",
                            "private_key_pem": "-----BEGIN RSA PRIVATE KEY-----\nMIIEpQIBAAKCAQEAoJzhW//TU5gzM36Zva2d8QOcyi2ETga4Cb2W+hgl/ECRqi3a\n4sI6C6mUjo5ogVhTRdf1DmRQLMtsODrVVH5KlgAXmERMwcvDFr4K8sLzv4gErEXI\naQ0H7ZMO2KcxO1CkWo2/Hi1fMGPDi/18wmASdDYY5wXzAG4pVmT4jWh+3fCnF3DX\nbpAW+d+wauRBisZ0XgiGiAnkuVk0fHJH2Szw48l5o6xsHUMjgUhQJOT4i+uW/s9i\nhBd2WmexJYdOENm92pqchrMdrySrZ8OPkX6yOhoy9xldugQyzjjnJhbthNIvg3Qh\nJwP/PugIOhn0qPklyh6nDKgCCqpY/bcnFhWYRwIDAQABAoIBAQCAdFgtG1Mp9X1l\nvug48qVyQEBi1rqNKQSCDda1GSEwOXgG0nvQhiSkdTFyPmVIpZqcLpc4tnQFD4Dz\nC+LYm9UNWO+GAYIeMNhL1RyugcsusRuDqKAbnKdtlAL4tedDGEEKh3mGKiWKbw/T\nY54nW20G8slB49kwy+pVxZWgiyWEXJL4M5tNmdlw/KUz9n9Arrjg1cvTDhmZ2DX6\nC6p1MWQwMpb4QyiC7LpVoUzD7MdfvrulBMpv0PNOibtKRrsBfKTOclbMclomiU/L\nGJzLwzS5QcFtOuvI5Vo2X9s3X3ndgzA03ORypFzP6R/Xk/XIUnogDnlEiuK8MRC3\n25Bds25JAoGBAMilMN3tdUnku08CGR53pHccq5K9feQy7wMibK0pMl3uQkhA1VcE\nWapT5/RviipX1yeUmiLCzioFYCHWHvAwcBIeObUKi1SgZ4tiEYRYkV67WHnVU9aQ\nQYTuq3ZlHC8hKB5y1kQ9WRMm+b00CgP+bEDB2GcPKRTILnaS/pJITVeTAoGBAMzs\nWXtXmBA4XuVdbL7x6Ug7t/qZsQ3zo4mwZ18lZKyhxZOhZSMzwju1iX18WYi+fqDV\nWSybPMAVN/ZJVi6Mc7OLiq5+VT5fyIIgi9iIivBB/ceTAzlNPiYOvgjKL/+uFAOO\nJHKX1eUr33dVa4jjNGNCXOpctKaIXxfW6sTn8UT9AoGAOAU3QZ9dEgaU7ZhOXx1U\nhBUzKkNR9PbrmNpxsV9BOsydIQNJDYSfbFkE+FB0KSJhZiGtb2somL7rekcIWFON\n1uEth4isIjKu9lGpRmRcIjD4oPuY7t1UDcN9iA7u8ZG2W9oATQk754cIT3VKHpdY\nrjPxMcUf2TeTEXQ1M66QOZUCgYEAkFZ1XJRBDkO2S5X3b7MS3ob5unCgrjQK34O5\n++FpvNKhSK/ofdgKGmZutk1s/w02QfCkQ+//5UfMyBO1uUnCgRdrkiZ3wlxS7Z0h\nA16BhmLk7rqVDbpjaQj/P0+yaUPi4vIup+xcg3PYjcRD3wIxtyxaJ9UuhRIO8Mq3\nSAQbA70CgYEAlcCSr2lzqj6ZEwUYdp063+XdRC2xgrohWeP8L04YqGrgKDMWnDig\niAf7jPVG4iTTvUx+fXxiUqOD6EAIly/2xO3cspiLpGtQqm3IjhCpIA6lCuDRe5KQ\nkcGJ0Nwi0ba1MUoHGEkuXj9EMCSkRmzLsm4ZkJUPhjSj42rCiKpMfr4=\n-----END RSA PRIVATE KEY-----\n",
                            "public_key_fingerprint_md5": "c3:37:19:8e:b2:f4:d9:0d:53:60:a9:49:e9:e7:70:ce",
                            "public_key_openssh": "ssh-rsa AAAAB3NzaC1yc2EAAAADAQABAAABAQCgnOFb/9NTmDMzfpm9rZ3xA5zKLYROBrgJvZb6GCX8QJGqLdriwjoLqZSOjmiBWFNF1/UOZFAsy2w4OtVUfkqWABeYREzBy8MWvgrywvO/iASsRchpDQftkw7YpzE7UKRajb8eLV8wY8OL/XzCYBJ0NhjnBfMAbilWZPiNaH7d8KcXcNdukBb537Bq5EGKxnReCIaICeS5WTR8ckfZLPDjyXmjrGwdQyOBSFAk5PiL65b+z2KEF3ZaZ7Elh04Q2b3ampyGsx2vJKtnw4+RfrI6GjL3GV26BDLOOOcmFu2E0i+DdCEnA/8+6Ag6GfSo+SXKHqcMqAIKqlj9tycWFZhH\n",
                            "public_key_pem": "-----BEGIN PUBLIC KEY-----\nMIIBIjANBgkqhkiG9w0BAQEFAAOCAQ8AMIIBCgKCAQEAoJzhW//TU5gzM36Zva2d\n8QOcyi2ETga4Cb2W+hgl/ECRqi3a4sI6C6mUjo5ogVhTRdf1DmRQLMtsODrVVH5K\nlgAXmERMwcvDFr4K8sLzv4gErEXIaQ0H7ZMO2KcxO1CkWo2/Hi1fMGPDi/18wmAS\ndDYY5wXzAG4pVmT4jWh+3fCnF3DXbpAW+d+wauRBisZ0XgiGiAnkuVk0fHJH2Szw\n48l5o6xsHUMjgUhQJOT4i+uW/s9ihBd2WmexJYdOENm92pqchrMdrySrZ8OPkX6y\nOhoy9xldugQyzjjnJhbthNIvg3QhJwP/PugIOhn0qPklyh6nDKgCCqpY/bcnFhWY\nRwIDAQAB\n-----END PUBLIC KEY-----\n",
                            "rsa_bits": "2048"
                        },
                        "meta": {},
                        "tainted": false
                    },
                    "deposed": [],
                    "provider": "provider.tls"
                }
            },
            "depends_on": []
        }
    ]
}
